// !$*UTF8*$!
{
	archiveVersion = 1;
	classes = {
	};
	objectVersion = 46;
	objects = {

/* Begin PBXBuildFile section */
		DE919B781935DDD0001C7616 /* ICGBaseAnimation.m in Sources */ = {isa = PBXBuildFile; fileRef = DE919B6B1935DDD0001C7616 /* ICGBaseAnimation.m */; };
		DE919B791935DDD0001C7616 /* ICGFlipAnimation.m in Sources */ = {isa = PBXBuildFile; fileRef = DE919B6D1935DDD0001C7616 /* ICGFlipAnimation.m */; };
		DE919B7A1935DDD0001C7616 /* ICGLayerAnimation.m in Sources */ = {isa = PBXBuildFile; fileRef = DE919B6F1935DDD0001C7616 /* ICGLayerAnimation.m */; };
		DE919B7B1935DDD0001C7616 /* ICGScaleAnimation.m in Sources */ = {isa = PBXBuildFile; fileRef = DE919B711935DDD0001C7616 /* ICGScaleAnimation.m */; };
		DE919B7C1935DDD0001C7616 /* ICGSlideAnimation.m in Sources */ = {isa = PBXBuildFile; fileRef = DE919B731935DDD0001C7616 /* ICGSlideAnimation.m */; };
		DE919B7D1935DDD0001C7616 /* ICGNavigationController.m in Sources */ = {isa = PBXBuildFile; fileRef = DE919B751935DDD0001C7616 /* ICGNavigationController.m */; };
		DE919B7E1935DDD0001C7616 /* ICGViewController.m in Sources */ = {isa = PBXBuildFile; fileRef = DE919B771935DDD0001C7616 /* ICGViewController.m */; };
		DEEE73CD1929B1A400200D45 /* Foundation.framework in Frameworks */ = {isa = PBXBuildFile; fileRef = DEEE73CC1929B1A400200D45 /* Foundation.framework */; };
		DEEE73CF1929B1A400200D45 /* CoreGraphics.framework in Frameworks */ = {isa = PBXBuildFile; fileRef = DEEE73CE1929B1A400200D45 /* CoreGraphics.framework */; };
		DEEE73D11929B1A400200D45 /* UIKit.framework in Frameworks */ = {isa = PBXBuildFile; fileRef = DEEE73D01929B1A400200D45 /* UIKit.framework */; };
		DEEE73D71929B1A400200D45 /* InfoPlist.strings in Resources */ = {isa = PBXBuildFile; fileRef = DEEE73D51929B1A400200D45 /* InfoPlist.strings */; };
		DEEE73D91929B1A400200D45 /* main.m in Sources */ = {isa = PBXBuildFile; fileRef = DEEE73D81929B1A400200D45 /* main.m */; };
		DEEE73DD1929B1A400200D45 /* ICGAppDelegate.m in Sources */ = {isa = PBXBuildFile; fileRef = DEEE73DC1929B1A400200D45 /* ICGAppDelegate.m */; };
		DEEE73DF1929B1A400200D45 /* Images.xcassets in Resources */ = {isa = PBXBuildFile; fileRef = DEEE73DE1929B1A400200D45 /* Images.xcassets */; };
		DEEE73E61929B1A400200D45 /* XCTest.framework in Frameworks */ = {isa = PBXBuildFile; fileRef = DEEE73E51929B1A400200D45 /* XCTest.framework */; };
		DEEE73E71929B1A400200D45 /* Foundation.framework in Frameworks */ = {isa = PBXBuildFile; fileRef = DEEE73CC1929B1A400200D45 /* Foundation.framework */; };
		DEEE73E81929B1A400200D45 /* UIKit.framework in Frameworks */ = {isa = PBXBuildFile; fileRef = DEEE73D01929B1A400200D45 /* UIKit.framework */; };
		DEEE73F01929B1A400200D45 /* InfoPlist.strings in Resources */ = {isa = PBXBuildFile; fileRef = DEEE73EE1929B1A400200D45 /* InfoPlist.strings */; };
		DEEE73F21929B1A400200D45 /* ICGTransitionAnimationDemoTests.m in Sources */ = {isa = PBXBuildFile; fileRef = DEEE73F11929B1A400200D45 /* ICGTransitionAnimationDemoTests.m */; };
		DEEE741B1929B28000200D45 /* 130930-IPHONE5-IOS7-D.jpg in Resources */ = {isa = PBXBuildFile; fileRef = DEEE741A1929B28000200D45 /* 130930-IPHONE5-IOS7-D.jpg */; };
		DEEE74251929B29300200D45 /* ICGMainViewController.m in Sources */ = {isa = PBXBuildFile; fileRef = DEEE741D1929B29300200D45 /* ICGMainViewController.m */; };
		DEEE74261929B29300200D45 /* ICGMainViewController.xib in Resources */ = {isa = PBXBuildFile; fileRef = DEEE741E1929B29300200D45 /* ICGMainViewController.xib */; };
		DEEE74271929B29300200D45 /* ICGModalViewController.m in Sources */ = {isa = PBXBuildFile; fileRef = DEEE74201929B29300200D45 /* ICGModalViewController.m */; };
		DEEE74281929B29300200D45 /* ICGModalViewController.xib in Resources */ = {isa = PBXBuildFile; fileRef = DEEE74211929B29300200D45 /* ICGModalViewController.xib */; };
		DEEE74291929B29300200D45 /* ICGPushedViewController.m in Sources */ = {isa = PBXBuildFile; fileRef = DEEE74231929B29300200D45 /* ICGPushedViewController.m */; };
		DEEE742A1929B29300200D45 /* ICGPushedViewController.xib in Resources */ = {isa = PBXBuildFile; fileRef = DEEE74241929B29300200D45 /* ICGPushedViewController.xib */; };
/* End PBXBuildFile section */

/* Begin PBXContainerItemProxy section */
		DEEE73E91929B1A400200D45 /* PBXContainerItemProxy */ = {
			isa = PBXContainerItemProxy;
			containerPortal = DEEE73C11929B1A400200D45 /* Project object */;
			proxyType = 1;
			remoteGlobalIDString = DEEE73C81929B1A400200D45;
			remoteInfo = ICGTransitionAnimationDemo;
		};
/* End PBXContainerItemProxy section */

/* Begin PBXFileReference section */
		DE919B6A1935DDD0001C7616 /* ICGBaseAnimation.h */ = {isa = PBXFileReference; fileEncoding = 4; lastKnownFileType = sourcecode.c.h; path = ICGBaseAnimation.h; sourceTree = "<group>"; };
		DE919B6B1935DDD0001C7616 /* ICGBaseAnimation.m */ = {isa = PBXFileReference; fileEncoding = 4; lastKnownFileType = sourcecode.c.objc; path = ICGBaseAnimation.m; sourceTree = "<group>"; };
		DE919B6C1935DDD0001C7616 /* ICGFlipAnimation.h */ = {isa = PBXFileReference; fileEncoding = 4; lastKnownFileType = sourcecode.c.h; path = ICGFlipAnimation.h; sourceTree = "<group>"; };
		DE919B6D1935DDD0001C7616 /* ICGFlipAnimation.m */ = {isa = PBXFileReference; fileEncoding = 4; lastKnownFileType = sourcecode.c.objc; path = ICGFlipAnimation.m; sourceTree = "<group>"; };
		DE919B6E1935DDD0001C7616 /* ICGLayerAnimation.h */ = {isa = PBXFileReference; fileEncoding = 4; lastKnownFileType = sourcecode.c.h; path = ICGLayerAnimation.h; sourceTree = "<group>"; };
		DE919B6F1935DDD0001C7616 /* ICGLayerAnimation.m */ = {isa = PBXFileReference; fileEncoding = 4; lastKnownFileType = sourcecode.c.objc; path = ICGLayerAnimation.m; sourceTree = "<group>"; };
		DE919B701935DDD0001C7616 /* ICGScaleAnimation.h */ = {isa = PBXFileReference; fileEncoding = 4; lastKnownFileType = sourcecode.c.h; path = ICGScaleAnimation.h; sourceTree = "<group>"; };
		DE919B711935DDD0001C7616 /* ICGScaleAnimation.m */ = {isa = PBXFileReference; fileEncoding = 4; lastKnownFileType = sourcecode.c.objc; path = ICGScaleAnimation.m; sourceTree = "<group>"; };
		DE919B721935DDD0001C7616 /* ICGSlideAnimation.h */ = {isa = PBXFileReference; fileEncoding = 4; lastKnownFileType = sourcecode.c.h; path = ICGSlideAnimation.h; sourceTree = "<group>"; };
		DE919B731935DDD0001C7616 /* ICGSlideAnimation.m */ = {isa = PBXFileReference; fileEncoding = 4; lastKnownFileType = sourcecode.c.objc; path = ICGSlideAnimation.m; sourceTree = "<group>"; };
		DE919B741935DDD0001C7616 /* ICGNavigationController.h */ = {isa = PBXFileReference; fileEncoding = 4; lastKnownFileType = sourcecode.c.h; path = ICGNavigationController.h; sourceTree = "<group>"; };
		DE919B751935DDD0001C7616 /* ICGNavigationController.m */ = {isa = PBXFileReference; fileEncoding = 4; lastKnownFileType = sourcecode.c.objc; path = ICGNavigationController.m; sourceTree = "<group>"; };
		DE919B761935DDD0001C7616 /* ICGViewController.h */ = {isa = PBXFileReference; fileEncoding = 4; lastKnownFileType = sourcecode.c.h; path = ICGViewController.h; sourceTree = "<group>"; };
		DE919B771935DDD0001C7616 /* ICGViewController.m */ = {isa = PBXFileReference; fileEncoding = 4; lastKnownFileType = sourcecode.c.objc; path = ICGViewController.m; sourceTree = "<group>"; };
		DEEE73C91929B1A400200D45 /* ICGTransitionAnimationDemo.app */ = {isa = PBXFileReference; explicitFileType = wrapper.application; includeInIndex = 0; path = ICGTransitionAnimationDemo.app; sourceTree = BUILT_PRODUCTS_DIR; };
		DEEE73CC1929B1A400200D45 /* Foundation.framework */ = {isa = PBXFileReference; lastKnownFileType = wrapper.framework; name = Foundation.framework; path = System/Library/Frameworks/Foundation.framework; sourceTree = SDKROOT; };
		DEEE73CE1929B1A400200D45 /* CoreGraphics.framework */ = {isa = PBXFileReference; lastKnownFileType = wrapper.framework; name = CoreGraphics.framework; path = System/Library/Frameworks/CoreGraphics.framework; sourceTree = SDKROOT; };
		DEEE73D01929B1A400200D45 /* UIKit.framework */ = {isa = PBXFileReference; lastKnownFileType = wrapper.framework; name = UIKit.framework; path = System/Library/Frameworks/UIKit.framework; sourceTree = SDKROOT; };
		DEEE73D41929B1A400200D45 /* ICGTransitionAnimationDemo-Info.plist */ = {isa = PBXFileReference; lastKnownFileType = text.plist.xml; path = "ICGTransitionAnimationDemo-Info.plist"; sourceTree = "<group>"; };
		DEEE73D61929B1A400200D45 /* en */ = {isa = PBXFileReference; lastKnownFileType = text.plist.strings; name = en; path = en.lproj/InfoPlist.strings; sourceTree = "<group>"; };
		DEEE73D81929B1A400200D45 /* main.m */ = {isa = PBXFileReference; lastKnownFileType = sourcecode.c.objc; path = main.m; sourceTree = "<group>"; };
		DEEE73DA1929B1A400200D45 /* ICGTransitionAnimationDemo-Prefix.pch */ = {isa = PBXFileReference; lastKnownFileType = sourcecode.c.h; path = "ICGTransitionAnimationDemo-Prefix.pch"; sourceTree = "<group>"; };
		DEEE73DB1929B1A400200D45 /* ICGAppDelegate.h */ = {isa = PBXFileReference; lastKnownFileType = sourcecode.c.h; path = ICGAppDelegate.h; sourceTree = "<group>"; };
		DEEE73DC1929B1A400200D45 /* ICGAppDelegate.m */ = {isa = PBXFileReference; lastKnownFileType = sourcecode.c.objc; path = ICGAppDelegate.m; sourceTree = "<group>"; };
		DEEE73DE1929B1A400200D45 /* Images.xcassets */ = {isa = PBXFileReference; lastKnownFileType = folder.assetcatalog; path = Images.xcassets; sourceTree = "<group>"; };
		DEEE73E41929B1A400200D45 /* ICGTransitionAnimationDemoTests.xctest */ = {isa = PBXFileReference; explicitFileType = wrapper.cfbundle; includeInIndex = 0; path = ICGTransitionAnimationDemoTests.xctest; sourceTree = BUILT_PRODUCTS_DIR; };
		DEEE73E51929B1A400200D45 /* XCTest.framework */ = {isa = PBXFileReference; lastKnownFileType = wrapper.framework; name = XCTest.framework; path = Library/Frameworks/XCTest.framework; sourceTree = DEVELOPER_DIR; };
		DEEE73ED1929B1A400200D45 /* ICGTransitionAnimationDemoTests-Info.plist */ = {isa = PBXFileReference; lastKnownFileType = text.plist.xml; path = "ICGTransitionAnimationDemoTests-Info.plist"; sourceTree = "<group>"; };
		DEEE73EF1929B1A400200D45 /* en */ = {isa = PBXFileReference; lastKnownFileType = text.plist.strings; name = en; path = en.lproj/InfoPlist.strings; sourceTree = "<group>"; };
		DEEE73F11929B1A400200D45 /* ICGTransitionAnimationDemoTests.m */ = {isa = PBXFileReference; lastKnownFileType = sourcecode.c.objc; path = ICGTransitionAnimationDemoTests.m; sourceTree = "<group>"; };
		DEEE741A1929B28000200D45 /* 130930-IPHONE5-IOS7-D.jpg */ = {isa = PBXFileReference; lastKnownFileType = image.jpeg; path = "130930-IPHONE5-IOS7-D.jpg"; sourceTree = "<group>"; };
		DEEE741C1929B29300200D45 /* ICGMainViewController.h */ = {isa = PBXFileReference; fileEncoding = 4; lastKnownFileType = sourcecode.c.h; path = ICGMainViewController.h; sourceTree = "<group>"; };
		DEEE741D1929B29300200D45 /* ICGMainViewController.m */ = {isa = PBXFileReference; fileEncoding = 4; lastKnownFileType = sourcecode.c.objc; path = ICGMainViewController.m; sourceTree = "<group>"; };
		DEEE741E1929B29300200D45 /* ICGMainViewController.xib */ = {isa = PBXFileReference; fileEncoding = 4; lastKnownFileType = file.xib; path = ICGMainViewController.xib; sourceTree = "<group>"; };
		DEEE741F1929B29300200D45 /* ICGModalViewController.h */ = {isa = PBXFileReference; fileEncoding = 4; lastKnownFileType = sourcecode.c.h; path = ICGModalViewController.h; sourceTree = "<group>"; };
		DEEE74201929B29300200D45 /* ICGModalViewController.m */ = {isa = PBXFileReference; fileEncoding = 4; lastKnownFileType = sourcecode.c.objc; path = ICGModalViewController.m; sourceTree = "<group>"; };
		DEEE74211929B29300200D45 /* ICGModalViewController.xib */ = {isa = PBXFileReference; fileEncoding = 4; lastKnownFileType = file.xib; path = ICGModalViewController.xib; sourceTree = "<group>"; };
		DEEE74221929B29300200D45 /* ICGPushedViewController.h */ = {isa = PBXFileReference; fileEncoding = 4; lastKnownFileType = sourcecode.c.h; path = ICGPushedViewController.h; sourceTree = "<group>"; };
		DEEE74231929B29300200D45 /* ICGPushedViewController.m */ = {isa = PBXFileReference; fileEncoding = 4; lastKnownFileType = sourcecode.c.objc; path = ICGPushedViewController.m; sourceTree = "<group>"; };
		DEEE74241929B29300200D45 /* ICGPushedViewController.xib */ = {isa = PBXFileReference; fileEncoding = 4; lastKnownFileType = file.xib; path = ICGPushedViewController.xib; sourceTree = "<group>"; };
/* End PBXFileReference section */

/* Begin PBXFrameworksBuildPhase section */
		DEEE73C61929B1A400200D45 /* Frameworks */ = {
			isa = PBXFrameworksBuildPhase;
			buildActionMask = 2147483647;
			files = (
				DEEE73CF1929B1A400200D45 /* CoreGraphics.framework in Frameworks */,
				DEEE73D11929B1A400200D45 /* UIKit.framework in Frameworks */,
				DEEE73CD1929B1A400200D45 /* Foundation.framework in Frameworks */,
			);
			runOnlyForDeploymentPostprocessing = 0;
		};
		DEEE73E11929B1A400200D45 /* Frameworks */ = {
			isa = PBXFrameworksBuildPhase;
			buildActionMask = 2147483647;
			files = (
				DEEE73E61929B1A400200D45 /* XCTest.framework in Frameworks */,
				DEEE73E81929B1A400200D45 /* UIKit.framework in Frameworks */,
				DEEE73E71929B1A400200D45 /* Foundation.framework in Frameworks */,
			);
			runOnlyForDeploymentPostprocessing = 0;
		};
/* End PBXFrameworksBuildPhase section */

/* Begin PBXGroup section */
		DE919B681935DDD0001C7616 /* Source */ = {
			isa = PBXGroup;
			children = (
				DE919B691935DDD0001C7616 /* AnimationControllers */,
				DE919B741935DDD0001C7616 /* ICGNavigationController.h */,
				DE919B751935DDD0001C7616 /* ICGNavigationController.m */,
				DE919B761935DDD0001C7616 /* ICGViewController.h */,
				DE919B771935DDD0001C7616 /* ICGViewController.m */,
			);
			name = Source;
			path = ../../Source;
			sourceTree = "<group>";
		};
		DE919B691935DDD0001C7616 /* AnimationControllers */ = {
			isa = PBXGroup;
			children = (
				DE919B6A1935DDD0001C7616 /* ICGBaseAnimation.h */,
				DE919B6B1935DDD0001C7616 /* ICGBaseAnimation.m */,
				DE919B6C1935DDD0001C7616 /* ICGFlipAnimation.h */,
				DE919B6D1935DDD0001C7616 /* ICGFlipAnimation.m */,
				DE919B6E1935DDD0001C7616 /* ICGLayerAnimation.h */,
				DE919B6F1935DDD0001C7616 /* ICGLayerAnimation.m */,
				DE919B701935DDD0001C7616 /* ICGScaleAnimation.h */,
				DE919B711935DDD0001C7616 /* ICGScaleAnimation.m */,
				DE919B721935DDD0001C7616 /* ICGSlideAnimation.h */,
				DE919B731935DDD0001C7616 /* ICGSlideAnimation.m */,
			);
			path = AnimationControllers;
			sourceTree = "<group>";
		};
		DEEE73C01929B1A400200D45 = {
			isa = PBXGroup;
			children = (
				DEEE73D21929B1A400200D45 /* ICGTransitionAnimationDemo */,
				DEEE73EB1929B1A400200D45 /* ICGTransitionAnimationDemoTests */,
				DEEE73CB1929B1A400200D45 /* Frameworks */,
				DEEE73CA1929B1A400200D45 /* Products */,
			);
			sourceTree = "<group>";
		};
		DEEE73CA1929B1A400200D45 /* Products */ = {
			isa = PBXGroup;
			children = (
				DEEE73C91929B1A400200D45 /* ICGTransitionAnimationDemo.app */,
				DEEE73E41929B1A400200D45 /* ICGTransitionAnimationDemoTests.xctest */,
			);
			name = Products;
			sourceTree = "<group>";
		};
		DEEE73CB1929B1A400200D45 /* Frameworks */ = {
			isa = PBXGroup;
			children = (
				DEEE73CC1929B1A400200D45 /* Foundation.framework */,
				DEEE73CE1929B1A400200D45 /* CoreGraphics.framework */,
				DEEE73D01929B1A400200D45 /* UIKit.framework */,
				DEEE73E51929B1A400200D45 /* XCTest.framework */,
			);
			name = Frameworks;
			sourceTree = "<group>";
		};
		DEEE73D21929B1A400200D45 /* ICGTransitionAnimationDemo */ = {
			isa = PBXGroup;
			children = (
				DEEE73DB1929B1A400200D45 /* ICGAppDelegate.h */,
				DEEE73DC1929B1A400200D45 /* ICGAppDelegate.m */,
				DEEE741C1929B29300200D45 /* ICGMainViewController.h */,
				DEEE741D1929B29300200D45 /* ICGMainViewController.m */,
				DEEE741E1929B29300200D45 /* ICGMainViewController.xib */,
				DEEE741F1929B29300200D45 /* ICGModalViewController.h */,
				DEEE74201929B29300200D45 /* ICGModalViewController.m */,
				DEEE74211929B29300200D45 /* ICGModalViewController.xib */,
				DEEE74221929B29300200D45 /* ICGPushedViewController.h */,
				DEEE74231929B29300200D45 /* ICGPushedViewController.m */,
				DEEE74241929B29300200D45 /* ICGPushedViewController.xib */,
				DE919B681935DDD0001C7616 /* Source */,
				DEEE73DE1929B1A400200D45 /* Images.xcassets */,
				DEEE73D31929B1A400200D45 /* Supporting Files */,
			);
			path = ICGTransitionAnimationDemo;
			sourceTree = "<group>";
		};
		DEEE73D31929B1A400200D45 /* Supporting Files */ = {
			isa = PBXGroup;
			children = (
				DEEE741A1929B28000200D45 /* 130930-IPHONE5-IOS7-D.jpg */,
				DEEE73D41929B1A400200D45 /* ICGTransitionAnimationDemo-Info.plist */,
				DEEE73D51929B1A400200D45 /* InfoPlist.strings */,
				DEEE73D81929B1A400200D45 /* main.m */,
				DEEE73DA1929B1A400200D45 /* ICGTransitionAnimationDemo-Prefix.pch */,
			);
			name = "Supporting Files";
			sourceTree = "<group>";
		};
		DEEE73EB1929B1A400200D45 /* ICGTransitionAnimationDemoTests */ = {
			isa = PBXGroup;
			children = (
				DEEE73F11929B1A400200D45 /* ICGTransitionAnimationDemoTests.m */,
				DEEE73EC1929B1A400200D45 /* Supporting Files */,
			);
			path = ICGTransitionAnimationDemoTests;
			sourceTree = "<group>";
		};
		DEEE73EC1929B1A400200D45 /* Supporting Files */ = {
			isa = PBXGroup;
			children = (
				DEEE73ED1929B1A400200D45 /* ICGTransitionAnimationDemoTests-Info.plist */,
				DEEE73EE1929B1A400200D45 /* InfoPlist.strings */,
			);
			name = "Supporting Files";
			sourceTree = "<group>";
		};
/* End PBXGroup section */

/* Begin PBXNativeTarget section */
		DEEE73C81929B1A400200D45 /* ICGTransitionAnimationDemo */ = {
			isa = PBXNativeTarget;
			buildConfigurationList = DEEE73F51929B1A400200D45 /* Build configuration list for PBXNativeTarget "ICGTransitionAnimationDemo" */;
			buildPhases = (
				DEEE73C51929B1A400200D45 /* Sources */,
				DEEE73C61929B1A400200D45 /* Frameworks */,
				DEEE73C71929B1A400200D45 /* Resources */,
			);
			buildRules = (
			);
			dependencies = (
			);
			name = ICGTransitionAnimationDemo;
			productName = ICGTransitionAnimationDemo;
			productReference = DEEE73C91929B1A400200D45 /* ICGTransitionAnimationDemo.app */;
			productType = "com.apple.product-type.application";
		};
		DEEE73E31929B1A400200D45 /* ICGTransitionAnimationDemoTests */ = {
			isa = PBXNativeTarget;
			buildConfigurationList = DEEE73F81929B1A400200D45 /* Build configuration list for PBXNativeTarget "ICGTransitionAnimationDemoTests" */;
			buildPhases = (
				DEEE73E01929B1A400200D45 /* Sources */,
				DEEE73E11929B1A400200D45 /* Frameworks */,
				DEEE73E21929B1A400200D45 /* Resources */,
			);
			buildRules = (
			);
			dependencies = (
				DEEE73EA1929B1A400200D45 /* PBXTargetDependency */,
			);
			name = ICGTransitionAnimationDemoTests;
			productName = ICGTransitionAnimationDemoTests;
			productReference = DEEE73E41929B1A400200D45 /* ICGTransitionAnimationDemoTests.xctest */;
			productType = "com.apple.product-type.bundle.unit-test";
		};
/* End PBXNativeTarget section */

/* Begin PBXProject section */
		DEEE73C11929B1A400200D45 /* Project object */ = {
			isa = PBXProject;
			attributes = {
				CLASSPREFIX = ICG;
				LastUpgradeCheck = 0510;
				ORGANIZATIONNAME = ichigo;
				TargetAttributes = {
					DEEE73E31929B1A400200D45 = {
						TestTargetID = DEEE73C81929B1A400200D45;
					};
				};
			};
			buildConfigurationList = DEEE73C41929B1A400200D45 /* Build configuration list for PBXProject "ICGTransitionAnimationDemo" */;
			compatibilityVersion = "Xcode 3.2";
			developmentRegion = English;
			hasScannedForEncodings = 0;
			knownRegions = (
				en,
			);
			mainGroup = DEEE73C01929B1A400200D45;
			productRefGroup = DEEE73CA1929B1A400200D45 /* Products */;
			projectDirPath = "";
			projectRoot = "";
			targets = (
				DEEE73C81929B1A400200D45 /* ICGTransitionAnimationDemo */,
				DEEE73E31929B1A400200D45 /* ICGTransitionAnimationDemoTests */,
			);
		};
/* End PBXProject section */

/* Begin PBXResourcesBuildPhase section */
		DEEE73C71929B1A400200D45 /* Resources */ = {
			isa = PBXResourcesBuildPhase;
			buildActionMask = 2147483647;
			files = (
				DEEE73D71929B1A400200D45 /* InfoPlist.strings in Resources */,
				DEEE74261929B29300200D45 /* ICGMainViewController.xib in Resources */,
				DEEE742A1929B29300200D45 /* ICGPushedViewController.xib in Resources */,
				DEEE741B1929B28000200D45 /* 130930-IPHONE5-IOS7-D.jpg in Resources */,
				DEEE74281929B29300200D45 /* ICGModalViewController.xib in Resources */,
				DEEE73DF1929B1A400200D45 /* Images.xcassets in Resources */,
			);
			runOnlyForDeploymentPostprocessing = 0;
		};
		DEEE73E21929B1A400200D45 /* Resources */ = {
			isa = PBXResourcesBuildPhase;
			buildActionMask = 2147483647;
			files = (
				DEEE73F01929B1A400200D45 /* InfoPlist.strings in Resources */,
			);
			runOnlyForDeploymentPostprocessing = 0;
		};
/* End PBXResourcesBuildPhase section */

/* Begin PBXSourcesBuildPhase section */
		DEEE73C51929B1A400200D45 /* Sources */ = {
			isa = PBXSourcesBuildPhase;
			buildActionMask = 2147483647;
			files = (
				DE919B7D1935DDD0001C7616 /* ICGNavigationController.m in Sources */,
				DEEE73DD1929B1A400200D45 /* ICGAppDelegate.m in Sources */,
				DEEE74251929B29300200D45 /* ICGMainViewController.m in Sources */,
				DE919B7C1935DDD0001C7616 /* ICGSlideAnimation.m in Sources */,
				DE919B791935DDD0001C7616 /* ICGFlipAnimation.m in Sources */,
				DE919B7B1935DDD0001C7616 /* ICGScaleAnimation.m in Sources */,
				DEEE73D91929B1A400200D45 /* main.m in Sources */,
				DEEE74271929B29300200D45 /* ICGModalViewController.m in Sources */,
				DE919B7E1935DDD0001C7616 /* ICGViewController.m in Sources */,
				DEEE74291929B29300200D45 /* ICGPushedViewController.m in Sources */,
				DE919B7A1935DDD0001C7616 /* ICGLayerAnimation.m in Sources */,
				DE919B781935DDD0001C7616 /* ICGBaseAnimation.m in Sources */,
			);
			runOnlyForDeploymentPostprocessing = 0;
		};
		DEEE73E01929B1A400200D45 /* Sources */ = {
			isa = PBXSourcesBuildPhase;
			buildActionMask = 2147483647;
			files = (
				DEEE73F21929B1A400200D45 /* ICGTransitionAnimationDemoTests.m in Sources */,
			);
			runOnlyForDeploymentPostprocessing = 0;
		};
/* End PBXSourcesBuildPhase section */

/* Begin PBXTargetDependency section */
		DEEE73EA1929B1A400200D45 /* PBXTargetDependency */ = {
			isa = PBXTargetDependency;
			target = DEEE73C81929B1A400200D45 /* ICGTransitionAnimationDemo */;
			targetProxy = DEEE73E91929B1A400200D45 /* PBXContainerItemProxy */;
		};
/* End PBXTargetDependency section */

/* Begin PBXVariantGroup section */
		DEEE73D51929B1A400200D45 /* InfoPlist.strings */ = {
			isa = PBXVariantGroup;
			children = (
				DEEE73D61929B1A400200D45 /* en */,
			);
			name = InfoPlist.strings;
			sourceTree = "<group>";
		};
		DEEE73EE1929B1A400200D45 /* InfoPlist.strings */ = {
			isa = PBXVariantGroup;
			children = (
				DEEE73EF1929B1A400200D45 /* en */,
			);
			name = InfoPlist.strings;
			sourceTree = "<group>";
		};
/* End PBXVariantGroup section */

/* Begin XCBuildConfiguration section */
		DEEE73F31929B1A400200D45 /* Debug */ = {
			isa = XCBuildConfiguration;
			buildSettings = {
				ALWAYS_SEARCH_USER_PATHS = NO;
				CLANG_CXX_LANGUAGE_STANDARD = "gnu++0x";
				CLANG_CXX_LIBRARY = "libc++";
				CLANG_ENABLE_MODULES = YES;
				CLANG_ENABLE_OBJC_ARC = YES;
				CLANG_WARN_BOOL_CONVERSION = YES;
				CLANG_WARN_CONSTANT_CONVERSION = YES;
				CLANG_WARN_DIRECT_OBJC_ISA_USAGE = YES_ERROR;
				CLANG_WARN_EMPTY_BODY = YES;
				CLANG_WARN_ENUM_CONVERSION = YES;
				CLANG_WARN_INT_CONVERSION = YES;
				CLANG_WARN_OBJC_ROOT_CLASS = YES_ERROR;
				CLANG_WARN__DUPLICATE_METHOD_MATCH = YES;
				"CODE_SIGN_IDENTITY[sdk=iphoneos*]" = "iPhone Developer";
				COPY_PHASE_STRIP = NO;
				GCC_C_LANGUAGE_STANDARD = gnu99;
				GCC_DYNAMIC_NO_PIC = NO;
				GCC_OPTIMIZATION_LEVEL = 0;
				GCC_PREPROCESSOR_DEFINITIONS = (
					"DEBUG=1",
					"$(inherited)",
				);
				GCC_SYMBOLS_PRIVATE_EXTERN = NO;
				GCC_WARN_64_TO_32_BIT_CONVERSION = YES;
				GCC_WARN_ABOUT_RETURN_TYPE = YES_ERROR;
				GCC_WARN_UNDECLARED_SELECTOR = YES;
				GCC_WARN_UNINITIALIZED_AUTOS = YES_AGGRESSIVE;
				GCC_WARN_UNUSED_FUNCTION = YES;
				GCC_WARN_UNUSED_VARIABLE = YES;
				IPHONEOS_DEPLOYMENT_TARGET = 7.1;
				ONLY_ACTIVE_ARCH = YES;
				SDKROOT = iphoneos;
				TARGETED_DEVICE_FAMILY = "1,2";
			};
			name = Debug;
		};
		DEEE73F41929B1A400200D45 /* Release */ = {
			isa = XCBuildConfiguration;
			buildSettings = {
				ALWAYS_SEARCH_USER_PATHS = NO;
				CLANG_CXX_LANGUAGE_STANDARD = "gnu++0x";
				CLANG_CXX_LIBRARY = "libc++";
				CLANG_ENABLE_MODULES = YES;
				CLANG_ENABLE_OBJC_ARC = YES;
				CLANG_WARN_BOOL_CONVERSION = YES;
				CLANG_WARN_CONSTANT_CONVERSION = YES;
				CLANG_WARN_DIRECT_OBJC_ISA_USAGE = YES_ERROR;
				CLANG_WARN_EMPTY_BODY = YES;
				CLANG_WARN_ENUM_CONVERSION = YES;
				CLANG_WARN_INT_CONVERSION = YES;
				CLANG_WARN_OBJC_ROOT_CLASS = YES_ERROR;
				CLANG_WARN__DUPLICATE_METHOD_MATCH = YES;
				"CODE_SIGN_IDENTITY[sdk=iphoneos*]" = "iPhone Developer";
				COPY_PHASE_STRIP = YES;
				ENABLE_NS_ASSERTIONS = NO;
				GCC_C_LANGUAGE_STANDARD = gnu99;
				GCC_WARN_64_TO_32_BIT_CONVERSION = YES;
				GCC_WARN_ABOUT_RETURN_TYPE = YES_ERROR;
				GCC_WARN_UNDECLARED_SELECTOR = YES;
				GCC_WARN_UNINITIALIZED_AUTOS = YES_AGGRESSIVE;
				GCC_WARN_UNUSED_FUNCTION = YES;
				GCC_WARN_UNUSED_VARIABLE = YES;
				IPHONEOS_DEPLOYMENT_TARGET = 7.1;
				SDKROOT = iphoneos;
				TARGETED_DEVICE_FAMILY = "1,2";
				VALIDATE_PRODUCT = YES;
			};
			name = Release;
		};
		DEEE73F61929B1A400200D45 /* Debug */ = {
			isa = XCBuildConfiguration;
			buildSettings = {
				ASSETCATALOG_COMPILER_APPICON_NAME = AppIcon;
				ASSETCATALOG_COMPILER_LAUNCHIMAGE_NAME = LaunchImage;
				GCC_PRECOMPILE_PREFIX_HEADER = YES;
				GCC_PREFIX_HEADER = "ICGTransitionAnimationDemo/ICGTransitionAnimationDemo-Prefix.pch";
				INFOPLIST_FILE = "ICGTransitionAnimationDemo/ICGTransitionAnimationDemo-Info.plist";
				PRODUCT_NAME = "$(TARGET_NAME)";
				WRAPPER_EXTENSION = app;
			};
			name = Debug;
		};
		DEEE73F71929B1A400200D45 /* Release */ = {
			isa = XCBuildConfiguration;
			buildSettings = {
				ASSETCATALOG_COMPILER_APPICON_NAME = AppIcon;
				ASSETCATALOG_COMPILER_LAUNCHIMAGE_NAME = LaunchImage;
				GCC_PRECOMPILE_PREFIX_HEADER = YES;
				GCC_PREFIX_HEADER = "ICGTransitionAnimationDemo/ICGTransitionAnimationDemo-Prefix.pch";
				INFOPLIST_FILE = "ICGTransitionAnimationDemo/ICGTransitionAnimationDemo-Info.plist";
				PRODUCT_NAME = "$(TARGET_NAME)";
				WRAPPER_EXTENSION = app;
			};
			name = Release;
		};
		DEEE73F91929B1A400200D45 /* Debug */ = {
			isa = XCBuildConfiguration;
			buildSettings = {
				BUNDLE_LOADER = "$(BUILT_PRODUCTS_DIR)/ICGTransitionAnimationDemo.app/ICGTransitionAnimationDemo";
				FRAMEWORK_SEARCH_PATHS = (
					"$(SDKROOT)/Developer/Library/Frameworks",
					"$(inherited)",
					"$(DEVELOPER_FRAMEWORKS_DIR)",
				);
				GCC_PRECOMPILE_PREFIX_HEADER = YES;
				GCC_PREFIX_HEADER = "ICGTransitionAnimationDemo/ICGTransitionAnimationDemo-Prefix.pch";
				GCC_PREPROCESSOR_DEFINITIONS = (
					"DEBUG=1",
					"$(inherited)",
				);
				INFOPLIST_FILE = "ICGTransitionAnimationDemoTests/ICGTransitionAnimationDemoTests-Info.plist";
				PRODUCT_NAME = "$(TARGET_NAME)";
				TEST_HOST = "$(BUNDLE_LOADER)";
				WRAPPER_EXTENSION = xctest;
			};
			name = Debug;
		};
		DEEE73FA1929B1A400200D45 /* Release */ = {
			isa = XCBuildConfiguration;
			buildSettings = {
				BUNDLE_LOADER = "$(BUILT_PRODUCTS_DIR)/ICGTransitionAnimationDemo.app/ICGTransitionAnimationDemo";
				FRAMEWORK_SEARCH_PATHS = (
					"$(SDKROOT)/Developer/Library/Frameworks",
					"$(inherited)",
					"$(DEVELOPER_FRAMEWORKS_DIR)",
				);
				GCC_PRECOMPILE_PREFIX_HEADER = YES;
				GCC_PREFIX_HEADER = "ICGTransitionAnimationDemo/ICGTransitionAnimationDemo-Prefix.pch";
				INFOPLIST_FILE = "ICGTransitionAnimationDemoTests/ICGTransitionAnimationDemoTests-Info.plist";
				PRODUCT_NAME = "$(TARGET_NAME)";
				TEST_HOST = "$(BUNDLE_LOADER)";
				WRAPPER_EXTENSION = xctest;
			};
			name = Release;
		};
/* End XCBuildConfiguration section */

/* Begin XCConfigurationList section */
		DEEE73C41929B1A400200D45 /* Build configuration list for PBXProject "ICGTransitionAnimationDemo" */ = {
			isa = XCConfigurationList;
			buildConfigurations = (
				DEEE73F31929B1A400200D45 /* Debug */,
				DEEE73F41929B1A400200D45 /* Release */,
			);
			defaultConfigurationIsVisible = 0;
			defaultConfigurationName = Release;
		};
		DEEE73F51929B1A400200D45 /* Build configuration list for PBXNativeTarget "ICGTransitionAnimationDemo" */ = {
			isa = XCConfigurationList;
			buildConfigurations = (
				DEEE73F61929B1A400200D45 /* Debug */,
				DEEE73F71929B1A400200D45 /* Release */,
			);
			defaultConfigurationIsVisible = 0;
			defaultConfigurationName = Release;
		};
		DEEE73F81929B1A400200D45 /* Build configuration list for PBXNativeTarget "ICGTransitionAnimationDemoTests" */ = {
			isa = XCConfigurationList;
			buildConfigurations = (
				DEEE73F91929B1A400200D45 /* Debug */,
				DEEE73FA1929B1A400200D45 /* Release */,
			);
			defaultConfigurationIsVisible = 0;
			defaultConfigurationName = Release;
		};
/* End XCConfigurationList section */
	};
	rootObject = DEEE73C11929B1A400200D45 /* Project object */;
}
